
Microsoft Visual Studio Solution File, Format Version 12.00
# Visual Studio Version 17
VisualStudioVersion = 17.9.34728.123
MinimumVisualStudioVersion = 10.0.40219.1
Project("{8BC9CEB8-8B4A-11D0-8D11-00A0C91BC942}") = "Assign-01", "Assign-01\Assign-01.vcxproj", "{C92CA2FB-CB90-41C8-8599-2A05643BE9B6}"
EndProject
Project("{8BC9CEB8-8B4A-11D0-8D11-00A0C91BC942}") = "Assign-02", "Assign-02\Assign-02.vcxproj", "{BC23E61A-8222-4F95-8DE9-36893447DAE1}"
EndProject
Project("{8BC9CEB8-8B4A-11D0-8D11-00A0C91BC942}") = "Assign-03", "Assign-03\Assign-03.vcxproj", "{3671D1F4-D6A3-4BA0-858B-1EFDF5F2499A}"
EndProject
Project("{8BC9CEB8-8B4A-11D0-8D11-00A0C91BC942}") = "Assign-04", "Assign-04\Assign-04.vcxproj", "{7C8F764D-BD2C-4981-A06F-18FC4C1EA399}"
EndProject
Project("{8BC9CEB8-8B4A-11D0-8D11-00A0C91BC942}") = "Assign-05", "Assign-05\Assign-05.vcxproj", "{3B5CAC0B-2C08-4D16-BCB6-3C2B77A7A963}"
EndProject
Project("{8BC9CEB8-8B4A-11D0-8D11-00A0C91BC942}") = "Assign-06", "Assign-06\Assign-06.vcxproj", "{CCCB5379-AFB2-468B-97C7-13ADE10D8D78}"
EndProject
Global
	GlobalSection(SolutionConfigurationPlatforms) = preSolution
		Debug|x64 = Debug|x64
		Debug|x86 = Debug|x86
		Release|x64 = Release|x64
		Release|x86 = Release|x86
	EndGlobalSection
	GlobalSection(ProjectConfigurationPlatforms) = postSolution
		{C92CA2FB-CB90-41C8-8599-2A05643BE9B6}.Debug|x64.ActiveCfg = Debug|x64
		{C92CA2FB-CB90-41C8-8599-2A05643BE9B6}.Debug|x64.Build.0 = Debug|x64
		{C92CA2FB-CB90-41C8-8599-2A05643BE9B6}.Debug|x86.ActiveCfg = Debug|Win32
		{C92CA2FB-CB90-41C8-8599-2A05643BE9B6}.Debug|x86.Build.0 = Debug|Win32
		{C92CA2FB-CB90-41C8-8599-2A05643BE9B6}.Release|x64.ActiveCfg = Release|x64
		{C92CA2FB-CB90-41C8-8599-2A05643BE9B6}.Release|x64.Build.0 = Release|x64
		{C92CA2FB-CB90-41C8-8599-2A05643BE9B6}.Release|x86.ActiveCfg = Release|Win32
		{C92CA2FB-CB90-41C8-8599-2A05643BE9B6}.Release|x86.Build.0 = Release|Win32
		{BC23E61A-8222-4F95-8DE9-36893447DAE1}.Debug|x64.ActiveCfg = Debug|x64
		{BC23E61A-8222-4F95-8DE9-36893447DAE1}.Debug|x64.Build.0 = Debug|x64
		{BC23E61A-8222-4F95-8DE9-36893447DAE1}.Debug|x86.ActiveCfg = Debug|Win32
		{BC23E61A-8222-4F95-8DE9-36893447DAE1}.Debug|x86.Build.0 = Debug|Win32
		{BC23E61A-8222-4F95-8DE9-36893447DAE1}.Release|x64.ActiveCfg = Release|x64
		{BC23E61A-8222-4F95-8DE9-36893447DAE1}.Release|x64.Build.0 = Release|x64
		{BC23E61A-8222-4F95-8DE9-36893447DAE1}.Release|x86.ActiveCfg = Release|Win32
		{BC23E61A-8222-4F95-8DE9-36893447DAE1}.Release|x86.Build.0 = Release|Win32
		{3671D1F4-D6A3-4BA0-858B-1EFDF5F2499A}.Debug|x64.ActiveCfg = Debug|x64
		{3671D1F4-D6A3-4BA0-858B-1EFDF5F2499A}.Debug|x64.Build.0 = Debug|x64
		{3671D1F4-D6A3-4BA0-858B-1EFDF5F2499A}.Debug|x86.ActiveCfg = Debug|Win32
		{3671D1F4-D6A3-4BA0-858B-1EFDF5F2499A}.Debug|x86.Build.0 = Debug|Win32
		{3671D1F4-D6A3-4BA0-858B-1EFDF5F2499A}.Release|x64.ActiveCfg = Release|x64
		{3671D1F4-D6A3-4BA0-858B-1EFDF5F2499A}.Release|x64.Build.0 = Release|x64
		{3671D1F4-D6A3-4BA0-858B-1EFDF5F2499A}.Release|x86.ActiveCfg = Release|Win32
		{3671D1F4-D6A3-4BA0-858B-1EFDF5F2499A}.Release|x86.Build.0 = Release|Win32
		{7C8F764D-BD2C-4981-A06F-18FC4C1EA399}.Debug|x64.ActiveCfg = Debug|x64
		{7C8F764D-BD2C-4981-A06F-18FC4C1EA399}.Debug|x64.Build.0 = Debug|x64
		{7C8F764D-BD2C-4981-A06F-18FC4C1EA399}.Debug|x86.ActiveCfg = Debug|Win32
		{7C8F764D-BD2C-4981-A06F-18FC4C1EA399}.Debug|x86.Build.0 = Debug|Win32
		{7C8F764D-BD2C-4981-A06F-18FC4C1EA399}.Release|x64.ActiveCfg = Release|x64
		{7C8F764D-BD2C-4981-A06F-18FC4C1EA399}.Release|x64.Build.0 = Release|x64
		{7C8F764D-BD2C-4981-A06F-18FC4C1EA399}.Release|x86.ActiveCfg = Release|Win32
		{7C8F764D-BD2C-4981-A06F-18FC4C1EA399}.Release|x86.Build.0 = Release|Win32
		{3B5CAC0B-2C08-4D16-BCB6-3C2B77A7A963}.Debug|x64.ActiveCfg = Debug|x64
		{3B5CAC0B-2C08-4D16-BCB6-3C2B77A7A963}.Debug|x64.Build.0 = Debug|x64
		{3B5CAC0B-2C08-4D16-BCB6-3C2B77A7A963}.Debug|x86.ActiveCfg = Debug|Win32
		{3B5CAC0B-2C08-4D16-BCB6-3C2B77A7A963}.Debug|x86.Build.0 = Debug|Win32
		{3B5CAC0B-2C08-4D16-BCB6-3C2B77A7A963}.Release|x64.ActiveCfg = Release|x64
		{3B5CAC0B-2C08-4D16-BCB6-3C2B77A7A963}.Release|x64.Build.0 = Release|x64
		{3B5CAC0B-2C08-4D16-BCB6-3C2B77A7A963}.Release|x86.ActiveCfg = Release|Win32
		{3B5CAC0B-2C08-4D16-BCB6-3C2B77A7A963}.Release|x86.Build.0 = Release|Win32
		{CCCB5379-AFB2-468B-97C7-13ADE10D8D78}.Debug|x64.ActiveCfg = Debug|x64
		{CCCB5379-AFB2-468B-97C7-13ADE10D8D78}.Debug|x64.Build.0 = Debug|x64
		{CCCB5379-AFB2-468B-97C7-13ADE10D8D78}.Debug|x86.ActiveCfg = Debug|Win32
		{CCCB5379-AFB2-468B-97C7-13ADE10D8D78}.Debug|x86.Build.0 = Debug|Win32
		{CCCB5379-AFB2-468B-97C7-13ADE10D8D78}.Release|x64.ActiveCfg = Release|x64
		{CCCB5379-AFB2-468B-97C7-13ADE10D8D78}.Release|x64.Build.0 = Release|x64
		{CCCB5379-AFB2-468B-97C7-13ADE10D8D78}.Release|x86.ActiveCfg = Release|Win32
		{CCCB5379-AFB2-468B-97C7-13ADE10D8D78}.Release|x86.Build.0 = Release|Win32
	EndGlobalSection
	GlobalSection(SolutionProperties) = preSolution
		HideSolutionNode = FALSE
	EndGlobalSection
	GlobalSection(ExtensibilityGlobals) = postSolution
		SolutionGuid = {F2FEC5D9-0405-407B-9D9E-407A6F8698A8}
	EndGlobalSection
EndGlobal
